
Microsoft Visual Studio Solution File, Format Version 12.00
# Visual Studio 15
VisualStudioVersion = 15.0.27703.2018
MinimumVisualStudioVersion = 10.0.40219.1
Project("{FAE04EC0-301F-11D3-BF4B-00C04F79EFBC}") = "Untt_t", "Untt_t.csproj", "{C16871FB-26E7-440D-A064-AE00E4CA5925}"
EndProject
Global
	GlobalSection(SolutionConfigurationPlatforms) = preSolution
		Debug|Any CPU = Debug|Any CPU
		Release|Any CPU = Release|Any CPU
	EndGlobalSection
	GlobalSection(ProjectConfigurationPlatforms) = postSolution
		{C16871FB-26E7-440D-A064-AE00E4CA5925}.Debug|Any CPU.ActiveCfg = Debug|Any CPU
		{C16871FB-26E7-440D-A064-AE00E4CA5925}.Debug|Any CPU.Build.0 = Debug|Any CPU
		{C16871FB-26E7-440D-A064-AE00E4CA5925}.Release|Any CPU.ActiveCfg = Release|Any CPU
		{C16871FB-26E7-440D-A064-AE00E4CA5925}.Release|Any CPU.Build.0 = Release|Any CPU
	EndGlobalSection
	GlobalSection(SolutionProperties) = preSolution
		HideSolutionNode = FALSE
	EndGlobalSection
	GlobalSection(ExtensibilityGlobals) = postSolution
		SolutionGuid = {11FDC42B-6DA9-4265-BC70-40C33C0D2C0C}
	EndGlobalSection
EndGlobal
